
Microsoft Visual Studio Solution File, Format Version 12.00
# Visual Studio Version 17
VisualStudioVersion = 17.9.34723.18
MinimumVisualStudioVersion = 10.0.40219.1
Project("{FAE04EC0-301F-11D3-BF4B-00C04F79EFBC}") = "OuterWildsAtHome", "OuterWildsAtHome.csproj", "{DB77832E-9E85-4AC3-9A07-9B0248C73BEF}"
EndProject
Global
	GlobalSection(SolutionConfigurationPlatforms) = preSolution
		Debug|Any CPU = Debug|Any CPU
		Release|Any CPU = Release|Any CPU
	EndGlobalSection
	GlobalSection(ProjectConfigurationPlatforms) = postSolution
		{DB77832E-9E85-4AC3-9A07-9B0248C73BEF}.Debug|Any CPU.ActiveCfg = Debug|Any CPU
		{DB77832E-9E85-4AC3-9A07-9B0248C73BEF}.Debug|Any CPU.Build.0 = Debug|Any CPU
		{DB77832E-9E85-4AC3-9A07-9B0248C73BEF}.Release|Any CPU.ActiveCfg = Release|Any CPU
		{DB77832E-9E85-4AC3-9A07-9B0248C73BEF}.Release|Any CPU.Build.0 = Release|Any CPU
	EndGlobalSection
	GlobalSection(SolutionProperties) = preSolution
		HideSolutionNode = FALSE
	EndGlobalSection
	GlobalSection(ExtensibilityGlobals) = postSolution
		SolutionGuid = {87601834-DAD1-4A82-B31C-E4869A50DE2D}
	EndGlobalSection
EndGlobal
